
Microsoft Visual Studio Solution File, Format Version 12.00
# Visual Studio Version 17
VisualStudioVersion = 17.10.35013.160
MinimumVisualStudioVersion = 10.0.40219.1
Project("{FAE04EC0-301F-11D3-BF4B-00C04F79EFBC}") = "Pizzaria1000Video", "Pizzaria1000Video.csproj", "{A003E3D9-C5D6-460F-A148-1B7F9670E4E8}"
EndProject
Global
	GlobalSection(SolutionConfigurationPlatforms) = preSolution
		Debug|Any CPU = Debug|Any CPU
		Release|Any CPU = Release|Any CPU
	EndGlobalSection
	GlobalSection(ProjectConfigurationPlatforms) = postSolution
		{A003E3D9-C5D6-460F-A148-1B7F9670E4E8}.Debug|Any CPU.ActiveCfg = Debug|Any CPU
		{A003E3D9-C5D6-460F-A148-1B7F9670E4E8}.Debug|Any CPU.Build.0 = Debug|Any CPU
		{A003E3D9-C5D6-460F-A148-1B7F9670E4E8}.Release|Any CPU.ActiveCfg = Release|Any CPU
		{A003E3D9-C5D6-460F-A148-1B7F9670E4E8}.Release|Any CPU.Build.0 = Release|Any CPU
	EndGlobalSection
	GlobalSection(SolutionProperties) = preSolution
		HideSolutionNode = FALSE
	EndGlobalSection
	GlobalSection(ExtensibilityGlobals) = postSolution
		SolutionGuid = {380A10B1-222F-4DEF-A08C-9FEF3D3BA499}
	EndGlobalSection
EndGlobal
